
Microsoft Visual Studio Solution File, Format Version 12.00
# Visual Studio Version 17
VisualStudioVersion = 17.8.34511.84
MinimumVisualStudioVersion = 10.0.40219.1
Project("{FAE04EC0-301F-11D3-BF4B-00C04F79EFBC}") = "OOP_3sem_lab12", "OOP_3sem_lab12\OOP_3sem_lab12.csproj", "{FA569359-03A1-4A98-B94B-2A8BFC03A7B5}"
EndProject
Global
	GlobalSection(SolutionConfigurationPlatforms) = preSolution
		Debug|Any CPU = Debug|Any CPU
		Release|Any CPU = Release|Any CPU
	EndGlobalSection
	GlobalSection(ProjectConfigurationPlatforms) = postSolution
		{FA569359-03A1-4A98-B94B-2A8BFC03A7B5}.Debug|Any CPU.ActiveCfg = Debug|Any CPU
		{FA569359-03A1-4A98-B94B-2A8BFC03A7B5}.Debug|Any CPU.Build.0 = Debug|Any CPU
		{FA569359-03A1-4A98-B94B-2A8BFC03A7B5}.Release|Any CPU.ActiveCfg = Release|Any CPU
		{FA569359-03A1-4A98-B94B-2A8BFC03A7B5}.Release|Any CPU.Build.0 = Release|Any CPU
	EndGlobalSection
	GlobalSection(SolutionProperties) = preSolution
		HideSolutionNode = FALSE
	EndGlobalSection
	GlobalSection(ExtensibilityGlobals) = postSolution
		SolutionGuid = {F02CB932-940F-440D-8EAD-F7BBAB69A294}
	EndGlobalSection
EndGlobal
