
Microsoft Visual Studio Solution File, Format Version 12.00
# Visual Studio Version 17
VisualStudioVersion = 17.8.34511.84
MinimumVisualStudioVersion = 10.0.40219.1
Project("{FAE04EC0-301F-11D3-BF4B-00C04F79EFBC}") = "OOP_3sem_laba8", "OOP_3sem_laba8\OOP_3sem_laba8.csproj", "{AE06266A-A98C-4ABF-8436-EBFA8CE466C0}"
EndProject
Global
	GlobalSection(SolutionConfigurationPlatforms) = preSolution
		Debug|Any CPU = Debug|Any CPU
		Release|Any CPU = Release|Any CPU
	EndGlobalSection
	GlobalSection(ProjectConfigurationPlatforms) = postSolution
		{AE06266A-A98C-4ABF-8436-EBFA8CE466C0}.Debug|Any CPU.ActiveCfg = Debug|Any CPU
		{AE06266A-A98C-4ABF-8436-EBFA8CE466C0}.Debug|Any CPU.Build.0 = Debug|Any CPU
		{AE06266A-A98C-4ABF-8436-EBFA8CE466C0}.Release|Any CPU.ActiveCfg = Release|Any CPU
		{AE06266A-A98C-4ABF-8436-EBFA8CE466C0}.Release|Any CPU.Build.0 = Release|Any CPU
	EndGlobalSection
	GlobalSection(SolutionProperties) = preSolution
		HideSolutionNode = FALSE
	EndGlobalSection
	GlobalSection(ExtensibilityGlobals) = postSolution
		SolutionGuid = {9D5A419B-53D0-4037-AA21-6DB2DE592E3E}
	EndGlobalSection
EndGlobal
